
Microsoft Visual Studio Solution File, Format Version 12.00
# Visual Studio Version 17
VisualStudioVersion = 17.5.002.0
MinimumVisualStudioVersion = 10.0.40219.1
Project("{2150E333-8FDC-42A3-9474-1A3956D46DE8}") = "src", "src", "{53340CBD-380E-4462-975C-B79CFBBB0BA7}"
EndProject
Project("{9A19103F-16F7-4668-BE54-9A1E7A4F7556}") = "Play.Catalog.Service", "src\Play.Catalog.Service\Play.Catalog.Service.csproj", "{21FEA923-EB3D-489F-8DF3-7E5AB590D927}"
EndProject
Global
	GlobalSection(SolutionConfigurationPlatforms) = preSolution
		Debug|Any CPU = Debug|Any CPU
		Release|Any CPU = Release|Any CPU
	EndGlobalSection
	GlobalSection(ProjectConfigurationPlatforms) = postSolution
		{21FEA923-EB3D-489F-8DF3-7E5AB590D927}.Debug|Any CPU.ActiveCfg = Debug|Any CPU
		{21FEA923-EB3D-489F-8DF3-7E5AB590D927}.Debug|Any CPU.Build.0 = Debug|Any CPU
		{21FEA923-EB3D-489F-8DF3-7E5AB590D927}.Release|Any CPU.ActiveCfg = Release|Any CPU
		{21FEA923-EB3D-489F-8DF3-7E5AB590D927}.Release|Any CPU.Build.0 = Release|Any CPU
	EndGlobalSection
	GlobalSection(SolutionProperties) = preSolution
		HideSolutionNode = FALSE
	EndGlobalSection
	GlobalSection(NestedProjects) = preSolution
		{21FEA923-EB3D-489F-8DF3-7E5AB590D927} = {53340CBD-380E-4462-975C-B79CFBBB0BA7}
	EndGlobalSection
	GlobalSection(ExtensibilityGlobals) = postSolution
		SolutionGuid = {ECE69A34-F214-48D1-9086-B91393E49BF1}
	EndGlobalSection
EndGlobal
